
Microsoft Visual Studio Solution File, Format Version 12.00
# Visual Studio Version 17
VisualStudioVersion = 17.2.32526.322
MinimumVisualStudioVersion = 10.0.40219.1
Project("{9A19103F-16F7-4668-BE54-9A1E7A4F7556}") = "UserRegistration", "UserRegistration\UserRegistration.csproj", "{4CB84FF5-77A3-4BA5-84DC-A2001C5611FA}"
EndProject
Project("{FAE04EC0-301F-11D3-BF4B-00C04F79EFBC}") = "UserRegistrationTest", "UserRegistrationTest\UserRegistrationTest.csproj", "{F19D2E65-6D02-4F9A-A58D-3BC224D1FAC1}"
EndProject
Global
	GlobalSection(SolutionConfigurationPlatforms) = preSolution
		Debug|Any CPU = Debug|Any CPU
		Release|Any CPU = Release|Any CPU
	EndGlobalSection
	GlobalSection(ProjectConfigurationPlatforms) = postSolution
		{4CB84FF5-77A3-4BA5-84DC-A2001C5611FA}.Debug|Any CPU.ActiveCfg = Debug|Any CPU
		{4CB84FF5-77A3-4BA5-84DC-A2001C5611FA}.Debug|Any CPU.Build.0 = Debug|Any CPU
		{4CB84FF5-77A3-4BA5-84DC-A2001C5611FA}.Release|Any CPU.ActiveCfg = Release|Any CPU
		{4CB84FF5-77A3-4BA5-84DC-A2001C5611FA}.Release|Any CPU.Build.0 = Release|Any CPU
		{F19D2E65-6D02-4F9A-A58D-3BC224D1FAC1}.Debug|Any CPU.ActiveCfg = Debug|Any CPU
		{F19D2E65-6D02-4F9A-A58D-3BC224D1FAC1}.Debug|Any CPU.Build.0 = Debug|Any CPU
		{F19D2E65-6D02-4F9A-A58D-3BC224D1FAC1}.Release|Any CPU.ActiveCfg = Release|Any CPU
		{F19D2E65-6D02-4F9A-A58D-3BC224D1FAC1}.Release|Any CPU.Build.0 = Release|Any CPU
	EndGlobalSection
	GlobalSection(SolutionProperties) = preSolution
		HideSolutionNode = FALSE
	EndGlobalSection
	GlobalSection(ExtensibilityGlobals) = postSolution
		SolutionGuid = {221DEEA5-0B10-4E68-8FAD-1457BBC4EF92}
	EndGlobalSection
EndGlobal
